
Microsoft Visual Studio Solution File, Format Version 12.00
Project("{2150E333-8FDC-42A3-9474-1A3956D46DE8}") = "src", "src", "{B8FA2E4A-72F9-4408-8EB5-180734B6301D}"
EndProject
Project("{2150E333-8FDC-42A3-9474-1A3956D46DE8}") = "tests", "tests", "{07B118DA-490A-410B-B8ED-FCD122D6A3E3}"
EndProject
Project("{2150E333-8FDC-42A3-9474-1A3956D46DE8}") = "Services", "Services", "{5882B96F-5157-41C3-9826-5A0539CEFF00}"
EndProject
Project("{2150E333-8FDC-42A3-9474-1A3956D46DE8}") = "Comment", "Comment", "{60FC3550-5BFF-4F40-9160-DFE0D2054CDE}"
EndProject
Project("{2150E333-8FDC-42A3-9474-1A3956D46DE8}") = "Post", "Post", "{E0538879-8806-4FCA-9E80-0A96258CB25D}"
EndProject
Project("{2150E333-8FDC-42A3-9474-1A3956D46DE8}") = "ApiGateways", "ApiGateways", "{4990129F-48BE-442E-9595-62FEC330106B}"
EndProject
Project("{FAE04EC0-301F-11D3-BF4B-00C04F79EFBC}") = "Posts.API", "Services\Posts\Posts.API\Posts.API.csproj", "{B0C860C7-951A-4608-9042-ABFF7F0D1D45}"
EndProject
Project("{FAE04EC0-301F-11D3-BF4B-00C04F79EFBC}") = "Posts.Domain", "Services\Posts\Posts.Domain\Posts.Domain.csproj", "{2AF50816-A75F-4A94-B4E5-712302303D0A}"
EndProject
Project("{2150E333-8FDC-42A3-9474-1A3956D46DE8}") = "Common", "Common", "{F18B472E-B267-4A0C-9937-08DB1F21D9EA}"
EndProject
Project("{FAE04EC0-301F-11D3-BF4B-00C04F79EFBC}") = "Bloggest.Common", "Services\Bloggest.Common\Bloggest.Common.csproj", "{3CD89BD1-9B43-4665-A532-D3534E5B1177}"
EndProject
Project("{FAE04EC0-301F-11D3-BF4B-00C04F79EFBC}") = "Posts.Infrastructure", "Services\Posts\Posts.Infrastructure\Posts.Infrastructure.csproj", "{07CBFA92-F1EF-48CA-8477-9183255AA7EC}"
EndProject
Project("{FAE04EC0-301F-11D3-BF4B-00C04F79EFBC}") = "Posts.Application", "Services\Posts\Posts.Application\Posts.Application.csproj", "{31FC061C-929C-4244-BC2D-247FC78A6992}"
EndProject
Global
	GlobalSection(SolutionConfigurationPlatforms) = preSolution
		Debug|Any CPU = Debug|Any CPU
		Release|Any CPU = Release|Any CPU
	EndGlobalSection
	GlobalSection(NestedProjects) = preSolution
		{5882B96F-5157-41C3-9826-5A0539CEFF00} = {B8FA2E4A-72F9-4408-8EB5-180734B6301D}
		{60FC3550-5BFF-4F40-9160-DFE0D2054CDE} = {5882B96F-5157-41C3-9826-5A0539CEFF00}
		{E0538879-8806-4FCA-9E80-0A96258CB25D} = {5882B96F-5157-41C3-9826-5A0539CEFF00}
		{4990129F-48BE-442E-9595-62FEC330106B} = {B8FA2E4A-72F9-4408-8EB5-180734B6301D}
		{B0C860C7-951A-4608-9042-ABFF7F0D1D45} = {E0538879-8806-4FCA-9E80-0A96258CB25D}
		{2AF50816-A75F-4A94-B4E5-712302303D0A} = {E0538879-8806-4FCA-9E80-0A96258CB25D}
		{3CD89BD1-9B43-4665-A532-D3534E5B1177} = {F18B472E-B267-4A0C-9937-08DB1F21D9EA}
		{07CBFA92-F1EF-48CA-8477-9183255AA7EC} = {E0538879-8806-4FCA-9E80-0A96258CB25D}
		{F18B472E-B267-4A0C-9937-08DB1F21D9EA} = {5882B96F-5157-41C3-9826-5A0539CEFF00}
		{31FC061C-929C-4244-BC2D-247FC78A6992} = {E0538879-8806-4FCA-9E80-0A96258CB25D}
	EndGlobalSection
	GlobalSection(ProjectConfigurationPlatforms) = postSolution
		{B0C860C7-951A-4608-9042-ABFF7F0D1D45}.Debug|Any CPU.ActiveCfg = Debug|Any CPU
		{B0C860C7-951A-4608-9042-ABFF7F0D1D45}.Debug|Any CPU.Build.0 = Debug|Any CPU
		{B0C860C7-951A-4608-9042-ABFF7F0D1D45}.Release|Any CPU.ActiveCfg = Release|Any CPU
		{B0C860C7-951A-4608-9042-ABFF7F0D1D45}.Release|Any CPU.Build.0 = Release|Any CPU
		{2AF50816-A75F-4A94-B4E5-712302303D0A}.Debug|Any CPU.ActiveCfg = Debug|Any CPU
		{2AF50816-A75F-4A94-B4E5-712302303D0A}.Debug|Any CPU.Build.0 = Debug|Any CPU
		{2AF50816-A75F-4A94-B4E5-712302303D0A}.Release|Any CPU.ActiveCfg = Release|Any CPU
		{2AF50816-A75F-4A94-B4E5-712302303D0A}.Release|Any CPU.Build.0 = Release|Any CPU
		{3CD89BD1-9B43-4665-A532-D3534E5B1177}.Debug|Any CPU.ActiveCfg = Debug|Any CPU
		{3CD89BD1-9B43-4665-A532-D3534E5B1177}.Debug|Any CPU.Build.0 = Debug|Any CPU
		{3CD89BD1-9B43-4665-A532-D3534E5B1177}.Release|Any CPU.ActiveCfg = Release|Any CPU
		{3CD89BD1-9B43-4665-A532-D3534E5B1177}.Release|Any CPU.Build.0 = Release|Any CPU
		{07CBFA92-F1EF-48CA-8477-9183255AA7EC}.Debug|Any CPU.ActiveCfg = Debug|Any CPU
		{07CBFA92-F1EF-48CA-8477-9183255AA7EC}.Debug|Any CPU.Build.0 = Debug|Any CPU
		{07CBFA92-F1EF-48CA-8477-9183255AA7EC}.Release|Any CPU.ActiveCfg = Release|Any CPU
		{07CBFA92-F1EF-48CA-8477-9183255AA7EC}.Release|Any CPU.Build.0 = Release|Any CPU
		{31FC061C-929C-4244-BC2D-247FC78A6992}.Debug|Any CPU.ActiveCfg = Debug|Any CPU
		{31FC061C-929C-4244-BC2D-247FC78A6992}.Debug|Any CPU.Build.0 = Debug|Any CPU
		{31FC061C-929C-4244-BC2D-247FC78A6992}.Release|Any CPU.ActiveCfg = Release|Any CPU
		{31FC061C-929C-4244-BC2D-247FC78A6992}.Release|Any CPU.Build.0 = Release|Any CPU
	EndGlobalSection
EndGlobal
